
Microsoft Visual Studio Solution File, Format Version 12.00
# Visual Studio Version 17
VisualStudioVersion = 17.4.33213.308
MinimumVisualStudioVersion = 10.0.40219.1
Project("{8BC9CEB8-8B4A-11D0-8D11-00A0C91BC942}") = "Cypher - Home Work №3", "Cypher - Home Work №3.vcxproj", "{AFC4C241-D2A0-444F-8163-9E8E27B8F2A8}"
EndProject
Global
	GlobalSection(SolutionConfigurationPlatforms) = preSolution
		Debug|x64 = Debug|x64
		Debug|x86 = Debug|x86
		Release|x64 = Release|x64
		Release|x86 = Release|x86
	EndGlobalSection
	GlobalSection(ProjectConfigurationPlatforms) = postSolution
		{AFC4C241-D2A0-444F-8163-9E8E27B8F2A8}.Debug|x64.ActiveCfg = Debug|x64
		{AFC4C241-D2A0-444F-8163-9E8E27B8F2A8}.Debug|x64.Build.0 = Debug|x64
		{AFC4C241-D2A0-444F-8163-9E8E27B8F2A8}.Debug|x86.ActiveCfg = Debug|Win32
		{AFC4C241-D2A0-444F-8163-9E8E27B8F2A8}.Debug|x86.Build.0 = Debug|Win32
		{AFC4C241-D2A0-444F-8163-9E8E27B8F2A8}.Release|x64.ActiveCfg = Release|x64
		{AFC4C241-D2A0-444F-8163-9E8E27B8F2A8}.Release|x64.Build.0 = Release|x64
		{AFC4C241-D2A0-444F-8163-9E8E27B8F2A8}.Release|x86.ActiveCfg = Release|Win32
		{AFC4C241-D2A0-444F-8163-9E8E27B8F2A8}.Release|x86.Build.0 = Release|Win32
	EndGlobalSection
	GlobalSection(SolutionProperties) = preSolution
		HideSolutionNode = FALSE
	EndGlobalSection
	GlobalSection(ExtensibilityGlobals) = postSolution
		SolutionGuid = {1B6045F6-1D8B-411D-B9FA-675ECCE8485C}
	EndGlobalSection
EndGlobal
